
Microsoft Visual Studio Solution File, Format Version 12.00
# Visual Studio 15
VisualStudioVersion = 15.0.33529.398
MinimumVisualStudioVersion = 10.0.40219.1
Project("{FAE04EC0-301F-11D3-BF4B-00C04F79EFBC}") = "Grid", "Grid\Grid.csproj", "{B994A752-16D1-4626-B15F-E4C97ECA8B9E}"
EndProject
Global
	GlobalSection(SolutionConfigurationPlatforms) = preSolution
		Debug|Any CPU = Debug|Any CPU
		Release|Any CPU = Release|Any CPU
	EndGlobalSection
	GlobalSection(ProjectConfigurationPlatforms) = postSolution
		{B994A752-16D1-4626-B15F-E4C97ECA8B9E}.Debug|Any CPU.ActiveCfg = Debug|Any CPU
		{B994A752-16D1-4626-B15F-E4C97ECA8B9E}.Debug|Any CPU.Build.0 = Debug|Any CPU
		{B994A752-16D1-4626-B15F-E4C97ECA8B9E}.Release|Any CPU.ActiveCfg = Release|Any CPU
		{B994A752-16D1-4626-B15F-E4C97ECA8B9E}.Release|Any CPU.Build.0 = Release|Any CPU
	EndGlobalSection
	GlobalSection(SolutionProperties) = preSolution
		HideSolutionNode = FALSE
	EndGlobalSection
	GlobalSection(ExtensibilityGlobals) = postSolution
		SolutionGuid = {619896F0-B6A0-4014-9D0E-4042D6E2EC6E}
	EndGlobalSection
EndGlobal
